
Microsoft Visual Studio Solution File, Format Version 12.00
# Visual Studio Version 17
VisualStudioVersion = 17.0.32126.317
MinimumVisualStudioVersion = 10.0.40219.1
Project("{9A19103F-16F7-4668-BE54-9A1E7A4F7556}") = "Skillsbox.Challenge.MovieBooking.Web", "Skillsbox.Challenge.MovieBooking.Web\Skillsbox.Challenge.MovieBooking.Web.csproj", "{ED264055-1E13-4DEF-9DD5-E88025EE90F5}"
EndProject
Project("{9A19103F-16F7-4668-BE54-9A1E7A4F7556}") = "Skillsbox.Challenge.MovieBooking.API", "Skillsbox.Challenge.MovieBooking.API\Skillsbox.Challenge.MovieBooking.API.csproj", "{2F58B5F9-C2BB-4F10-97C5-BDBFE48FBFE4}"
EndProject
Project("{9A19103F-16F7-4668-BE54-9A1E7A4F7556}") = "Skillsbox.Challenge.MovieBooking.Data", "Skillsbox.Challenge.MovieBooking.Data\Skillsbox.Challenge.MovieBooking.Data.csproj", "{7EACA8EF-048F-472E-809C-C8216CB7E1DB}"
EndProject
Project("{9A19103F-16F7-4668-BE54-9A1E7A4F7556}") = "Skillsbox.Challenge.MovieBooking.Model", "Skillsbox.Challenge.MovieBooking.Model\Skillsbox.Challenge.MovieBooking.Model.csproj", "{D8A42A3B-6644-4C69-B222-D40DDAC0E553}"
EndProject
Project("{9A19103F-16F7-4668-BE54-9A1E7A4F7556}") = "Skillsbox.Challenge.MovieBooking.Business", "Skillsbox.Challenge.MovieBooking.Business\Skillsbox.Challenge.MovieBooking.Business.csproj", "{59468E24-98D5-4C52-8C5A-26BF42AE9F71}"
EndProject
Global
	GlobalSection(SolutionConfigurationPlatforms) = preSolution
		Debug|Any CPU = Debug|Any CPU
		Release|Any CPU = Release|Any CPU
	EndGlobalSection
	GlobalSection(ProjectConfigurationPlatforms) = postSolution
		{ED264055-1E13-4DEF-9DD5-E88025EE90F5}.Debug|Any CPU.ActiveCfg = Debug|Any CPU
		{ED264055-1E13-4DEF-9DD5-E88025EE90F5}.Debug|Any CPU.Build.0 = Debug|Any CPU
		{ED264055-1E13-4DEF-9DD5-E88025EE90F5}.Release|Any CPU.ActiveCfg = Release|Any CPU
		{ED264055-1E13-4DEF-9DD5-E88025EE90F5}.Release|Any CPU.Build.0 = Release|Any CPU
		{2F58B5F9-C2BB-4F10-97C5-BDBFE48FBFE4}.Debug|Any CPU.ActiveCfg = Debug|Any CPU
		{2F58B5F9-C2BB-4F10-97C5-BDBFE48FBFE4}.Debug|Any CPU.Build.0 = Debug|Any CPU
		{2F58B5F9-C2BB-4F10-97C5-BDBFE48FBFE4}.Release|Any CPU.ActiveCfg = Release|Any CPU
		{2F58B5F9-C2BB-4F10-97C5-BDBFE48FBFE4}.Release|Any CPU.Build.0 = Release|Any CPU
		{7EACA8EF-048F-472E-809C-C8216CB7E1DB}.Debug|Any CPU.ActiveCfg = Debug|Any CPU
		{7EACA8EF-048F-472E-809C-C8216CB7E1DB}.Debug|Any CPU.Build.0 = Debug|Any CPU
		{7EACA8EF-048F-472E-809C-C8216CB7E1DB}.Release|Any CPU.ActiveCfg = Release|Any CPU
		{7EACA8EF-048F-472E-809C-C8216CB7E1DB}.Release|Any CPU.Build.0 = Release|Any CPU
		{D8A42A3B-6644-4C69-B222-D40DDAC0E553}.Debug|Any CPU.ActiveCfg = Debug|Any CPU
		{D8A42A3B-6644-4C69-B222-D40DDAC0E553}.Debug|Any CPU.Build.0 = Debug|Any CPU
		{D8A42A3B-6644-4C69-B222-D40DDAC0E553}.Release|Any CPU.ActiveCfg = Release|Any CPU
		{D8A42A3B-6644-4C69-B222-D40DDAC0E553}.Release|Any CPU.Build.0 = Release|Any CPU
		{59468E24-98D5-4C52-8C5A-26BF42AE9F71}.Debug|Any CPU.ActiveCfg = Debug|Any CPU
		{59468E24-98D5-4C52-8C5A-26BF42AE9F71}.Debug|Any CPU.Build.0 = Debug|Any CPU
		{59468E24-98D5-4C52-8C5A-26BF42AE9F71}.Release|Any CPU.ActiveCfg = Release|Any CPU
		{59468E24-98D5-4C52-8C5A-26BF42AE9F71}.Release|Any CPU.Build.0 = Release|Any CPU
	EndGlobalSection
	GlobalSection(SolutionProperties) = preSolution
		HideSolutionNode = FALSE
	EndGlobalSection
	GlobalSection(ExtensibilityGlobals) = postSolution
		SolutionGuid = {AC466CA9-1A84-4019-A2BD-8550BA589D22}
	EndGlobalSection
EndGlobal
